
Microsoft Visual Studio Solution File, Format Version 12.00
# Visual Studio Version 17
VisualStudioVersion = 17.5.33424.131
MinimumVisualStudioVersion = 10.0.40219.1
Project("{8BC9CEB8-8B4A-11D0-8D11-00A0C91BC942}") = "P01_HelloWorld", "P01_HelloWorld\P01_HelloWorld.vcxproj", "{1F1FAF2D-1288-49D4-ADF3-2C2C13D53FA0}"
EndProject
Project("{8BC9CEB8-8B4A-11D0-8D11-00A0C91BC942}") = "P02_HelloWorldx3", "P02_HelloWorldx3\P02_HelloWorldx3.vcxproj", "{D308C5A8-F2AE-46BD-B009-27C2492BB151}"
EndProject
Project("{8BC9CEB8-8B4A-11D0-8D11-00A0C91BC942}") = "P03_HelloWorldNamespaces", "P03_HelloWorldNamespaces\P03_HelloWorldNamespaces.vcxproj", "{762057E2-8897-4700-A1ED-D73C8B64966D}"
EndProject
Project("{8BC9CEB8-8B4A-11D0-8D11-00A0C91BC942}") = "P04_includes", "P04_includes\P04_includes.vcxproj", "{0C35AE70-BFDB-47AD-BDFC-ED12B9DA218B}"
EndProject
Project("{8BC9CEB8-8B4A-11D0-8D11-00A0C91BC942}") = "P05_std", "P05_std\P05_std.vcxproj", "{AF1F0DB2-50B9-4F1D-9E7D-FDAF120E569A}"
EndProject
Project("{8BC9CEB8-8B4A-11D0-8D11-00A0C91BC942}") = "P06_strings", "P06_strings\P06_strings.vcxproj", "{3D3144E7-CAB8-4E83-9645-0A701359878F}"
EndProject
Project("{8BC9CEB8-8B4A-11D0-8D11-00A0C91BC942}") = "P07_cout_classes", "P07_cout_classes\P07_cout_classes.vcxproj", "{5D638796-F8BB-401E-90CA-E4ED61C8B8F0}"
EndProject
Global
	GlobalSection(SolutionConfigurationPlatforms) = preSolution
		Debug|x64 = Debug|x64
		Debug|x86 = Debug|x86
		Release|x64 = Release|x64
		Release|x86 = Release|x86
	EndGlobalSection
	GlobalSection(ProjectConfigurationPlatforms) = postSolution
		{1F1FAF2D-1288-49D4-ADF3-2C2C13D53FA0}.Debug|x64.ActiveCfg = Debug|x64
		{1F1FAF2D-1288-49D4-ADF3-2C2C13D53FA0}.Debug|x64.Build.0 = Debug|x64
		{1F1FAF2D-1288-49D4-ADF3-2C2C13D53FA0}.Debug|x86.ActiveCfg = Debug|Win32
		{1F1FAF2D-1288-49D4-ADF3-2C2C13D53FA0}.Debug|x86.Build.0 = Debug|Win32
		{1F1FAF2D-1288-49D4-ADF3-2C2C13D53FA0}.Release|x64.ActiveCfg = Release|x64
		{1F1FAF2D-1288-49D4-ADF3-2C2C13D53FA0}.Release|x64.Build.0 = Release|x64
		{1F1FAF2D-1288-49D4-ADF3-2C2C13D53FA0}.Release|x86.ActiveCfg = Release|Win32
		{1F1FAF2D-1288-49D4-ADF3-2C2C13D53FA0}.Release|x86.Build.0 = Release|Win32
		{D308C5A8-F2AE-46BD-B009-27C2492BB151}.Debug|x64.ActiveCfg = Debug|x64
		{D308C5A8-F2AE-46BD-B009-27C2492BB151}.Debug|x64.Build.0 = Debug|x64
		{D308C5A8-F2AE-46BD-B009-27C2492BB151}.Debug|x86.ActiveCfg = Debug|Win32
		{D308C5A8-F2AE-46BD-B009-27C2492BB151}.Debug|x86.Build.0 = Debug|Win32
		{D308C5A8-F2AE-46BD-B009-27C2492BB151}.Release|x64.ActiveCfg = Release|x64
		{D308C5A8-F2AE-46BD-B009-27C2492BB151}.Release|x64.Build.0 = Release|x64
		{D308C5A8-F2AE-46BD-B009-27C2492BB151}.Release|x86.ActiveCfg = Release|Win32
		{D308C5A8-F2AE-46BD-B009-27C2492BB151}.Release|x86.Build.0 = Release|Win32
		{762057E2-8897-4700-A1ED-D73C8B64966D}.Debug|x64.ActiveCfg = Debug|x64
		{762057E2-8897-4700-A1ED-D73C8B64966D}.Debug|x64.Build.0 = Debug|x64
		{762057E2-8897-4700-A1ED-D73C8B64966D}.Debug|x86.ActiveCfg = Debug|Win32
		{762057E2-8897-4700-A1ED-D73C8B64966D}.Debug|x86.Build.0 = Debug|Win32
		{762057E2-8897-4700-A1ED-D73C8B64966D}.Release|x64.ActiveCfg = Release|x64
		{762057E2-8897-4700-A1ED-D73C8B64966D}.Release|x64.Build.0 = Release|x64
		{762057E2-8897-4700-A1ED-D73C8B64966D}.Release|x86.ActiveCfg = Release|Win32
		{762057E2-8897-4700-A1ED-D73C8B64966D}.Release|x86.Build.0 = Release|Win32
		{0C35AE70-BFDB-47AD-BDFC-ED12B9DA218B}.Debug|x64.ActiveCfg = Debug|x64
		{0C35AE70-BFDB-47AD-BDFC-ED12B9DA218B}.Debug|x64.Build.0 = Debug|x64
		{0C35AE70-BFDB-47AD-BDFC-ED12B9DA218B}.Debug|x86.ActiveCfg = Debug|Win32
		{0C35AE70-BFDB-47AD-BDFC-ED12B9DA218B}.Debug|x86.Build.0 = Debug|Win32
		{0C35AE70-BFDB-47AD-BDFC-ED12B9DA218B}.Release|x64.ActiveCfg = Release|x64
		{0C35AE70-BFDB-47AD-BDFC-ED12B9DA218B}.Release|x64.Build.0 = Release|x64
		{0C35AE70-BFDB-47AD-BDFC-ED12B9DA218B}.Release|x86.ActiveCfg = Release|Win32
		{0C35AE70-BFDB-47AD-BDFC-ED12B9DA218B}.Release|x86.Build.0 = Release|Win32
		{AF1F0DB2-50B9-4F1D-9E7D-FDAF120E569A}.Debug|x64.ActiveCfg = Debug|x64
		{AF1F0DB2-50B9-4F1D-9E7D-FDAF120E569A}.Debug|x64.Build.0 = Debug|x64
		{AF1F0DB2-50B9-4F1D-9E7D-FDAF120E569A}.Debug|x86.ActiveCfg = Debug|Win32
		{AF1F0DB2-50B9-4F1D-9E7D-FDAF120E569A}.Debug|x86.Build.0 = Debug|Win32
		{AF1F0DB2-50B9-4F1D-9E7D-FDAF120E569A}.Release|x64.ActiveCfg = Release|x64
		{AF1F0DB2-50B9-4F1D-9E7D-FDAF120E569A}.Release|x64.Build.0 = Release|x64
		{AF1F0DB2-50B9-4F1D-9E7D-FDAF120E569A}.Release|x86.ActiveCfg = Release|Win32
		{AF1F0DB2-50B9-4F1D-9E7D-FDAF120E569A}.Release|x86.Build.0 = Release|Win32
		{3D3144E7-CAB8-4E83-9645-0A701359878F}.Debug|x64.ActiveCfg = Debug|x64
		{3D3144E7-CAB8-4E83-9645-0A701359878F}.Debug|x64.Build.0 = Debug|x64
		{3D3144E7-CAB8-4E83-9645-0A701359878F}.Debug|x86.ActiveCfg = Debug|Win32
		{3D3144E7-CAB8-4E83-9645-0A701359878F}.Debug|x86.Build.0 = Debug|Win32
		{3D3144E7-CAB8-4E83-9645-0A701359878F}.Release|x64.ActiveCfg = Release|x64
		{3D3144E7-CAB8-4E83-9645-0A701359878F}.Release|x64.Build.0 = Release|x64
		{3D3144E7-CAB8-4E83-9645-0A701359878F}.Release|x86.ActiveCfg = Release|Win32
		{3D3144E7-CAB8-4E83-9645-0A701359878F}.Release|x86.Build.0 = Release|Win32
		{5D638796-F8BB-401E-90CA-E4ED61C8B8F0}.Debug|x64.ActiveCfg = Debug|x64
		{5D638796-F8BB-401E-90CA-E4ED61C8B8F0}.Debug|x64.Build.0 = Debug|x64
		{5D638796-F8BB-401E-90CA-E4ED61C8B8F0}.Debug|x86.ActiveCfg = Debug|Win32
		{5D638796-F8BB-401E-90CA-E4ED61C8B8F0}.Debug|x86.Build.0 = Debug|Win32
		{5D638796-F8BB-401E-90CA-E4ED61C8B8F0}.Release|x64.ActiveCfg = Release|x64
		{5D638796-F8BB-401E-90CA-E4ED61C8B8F0}.Release|x64.Build.0 = Release|x64
		{5D638796-F8BB-401E-90CA-E4ED61C8B8F0}.Release|x86.ActiveCfg = Release|Win32
		{5D638796-F8BB-401E-90CA-E4ED61C8B8F0}.Release|x86.Build.0 = Release|Win32
	EndGlobalSection
	GlobalSection(SolutionProperties) = preSolution
		HideSolutionNode = FALSE
	EndGlobalSection
	GlobalSection(ExtensibilityGlobals) = postSolution
		SolutionGuid = {45437B97-99DA-4B11-8295-4815CEAD86F0}
	EndGlobalSection
EndGlobal
